lockfileVersion: '9.0'

settings:
  autoInstallPeers: true
  excludeLinksFromLockfile: false

importers:

  .:
    dependencies:
      '@hono/node-server':
        specifier: ^2.1.1
        version: 2.1.1(hono@4.13.5)
      acorn:
        specifier: ^8.18.0
        version: 8.18.0
      hono:
        specifier: ^4.13.5
        version: 4.13.5

packages:

  '@hono/node-server@2.1.1':
    resolution: {integrity: sha512-ELuehkj5VCBdgEw9zs+ivkKwyzzUCSQuE96YmiPvn1ECBoZCczbFXJLeEGMTYjphP6gydh4pHMqEYPVMYUVgQg==}
    engines: {node: '>=20'}
    peerDependencies:
      hono: ^4

  acorn@8.18.0:
    resolution: {integrity: sha512-lGq+9yr1/GuAWaVYIHRjvvySG5/4VfKIvC8EWxStPdcDh/Ka7FG3twP6v4d5BkravUilhIAsG4Qj83t02LWUPQ==}
    engines: {node: '>=0.4.0'}
    hasBin: true

  hono@4.13.5:
    resolution: {integrity: sha512-O6+/eCYRkzzzy0rPWwKLiGBR1nFuUPZynnwjxN1MBA62NNqbT0wQEzQyK2gSO5yDIDB336sXQleAhOHrzlYyKw==}
    engines: {node: '>=16.9.0'}

snapshots:

  '@hono/node-server@2.1.1(hono@4.13.5)':
    dependencies:
      hono: 4.13.5

  acorn@8.18.0: {}

  hono@4.13.5: {}
