lockfileVersion: '9.0'

settings:
  autoInstallPeers: true
  excludeLinksFromLockfile: false

importers:

  .:
    dependencies:
      tough-cookie:
        specifier: ^6.0.2
        version: 6.0.2

packages:

  tldts-core@7.4.11:
    resolution: {integrity: sha512-CW3WN2rIIE/Of21mulhgnGOwoDyEFNygyIBOONSdyAuSATgMMUCpLeUlB+E8sAwA5xRV9hYPl+kyZ9citHCaKg==}

  tldts@7.4.11:
    resolution: {integrity: sha512-aBiNayCfTQxuIJBm06M+xR14cYaYlDlSXZbgsnKzKNxDKUVq7KFwTjwBSsb7m9Y5xO8WfPnBc63WaYFMTGlvqw==}
    hasBin: true

  tough-cookie@6.0.2:
    resolution: {integrity: sha512-exgYmnmL/sJpR3upZfXG5PoatXQii55xAiXGXzY+sROLZ/Y+SLcp9PgJNI9Vz37HpQ74WvDcLT8eqm+kV3FzrA==}
    engines: {node: '>=16'}

snapshots:

  tldts-core@7.4.11: {}

  tldts@7.4.11:
    dependencies:
      tldts-core: 7.4.11

  tough-cookie@6.0.2:
    dependencies:
      tldts: 7.4.11
